// !$*UTF8*$!
{
	archiveVersion = 1;
	classes = {
	};
	objectVersion = 50;
	objects = {

/* Begin PBXBuildFile section */
		6D706EF0239932490087875C /* AppDelegate.swift in Sources */ = {isa = PBXBuildFile; fileRef = 6D706EEF239932490087875C /* AppDelegate.swift */; };
		6D706EF2239932490087875C /* SceneDelegate.swift in Sources */ = {isa = PBXBuildFile; fileRef = 6D706EF1239932490087875C /* SceneDelegate.swift */; };
		6D706EF4239932490087875C /* AccueilViewController.swift in Sources */ = {isa = PBXBuildFile; fileRef = 6D706EF3239932490087875C /* AccueilViewController.swift */; };
		6D706EF6239932490087875C /* MethodesEcoViewController.swift in Sources */ = {isa = PBXBuildFile; fileRef = 6D706EF5239932490087875C /* MethodesEcoViewController.swift */; };
		6D706EF9239932490087875C /* Main.storyboard in Resources */ = {isa = PBXBuildFile; fileRef = 6D706EF7239932490087875C /* Main.storyboard */; };
		6D706EFC239932490087875C /* HengSimo_CollectItiOS.xcdatamodeld in Sources */ = {isa = PBXBuildFile; fileRef = 6D706EFA239932490087875C /* HengSimo_CollectItiOS.xcdatamodeld */; };
		6D706EFE2399324A0087875C /* Assets.xcassets in Resources */ = {isa = PBXBuildFile; fileRef = 6D706EFD2399324A0087875C /* Assets.xcassets */; };
		6D706F012399324A0087875C /* LaunchScreen.storyboard in Resources */ = {isa = PBXBuildFile; fileRef = 6D706EFF2399324A0087875C /* LaunchScreen.storyboard */; };
		6D706F092399325A0087875C /* RoundButton.swift in Sources */ = {isa = PBXBuildFile; fileRef = 6D706F082399325A0087875C /* RoundButton.swift */; };
		6D706F11239968AD0087875C /* LotsTableViewController.swift in Sources */ = {isa = PBXBuildFile; fileRef = 6D706F10239968AD0087875C /* LotsTableViewController.swift */; };
		6D706F13239968BA0087875C /* HistoriqueTableViewController.swift in Sources */ = {isa = PBXBuildFile; fileRef = 6D706F12239968BA0087875C /* HistoriqueTableViewController.swift */; };
		6D706F15239968EA0087875C /* AjouterLotViewController.swift in Sources */ = {isa = PBXBuildFile; fileRef = 6D706F14239968EA0087875C /* AjouterLotViewController.swift */; };
		6D706F1723998B390087875C /* LotTableViewCell.swift in Sources */ = {isa = PBXBuildFile; fileRef = 6D706F1623998B390087875C /* LotTableViewCell.swift */; };
		6D706F1923998B690087875C /* HistoriqueTableViewCell.swift in Sources */ = {isa = PBXBuildFile; fileRef = 6D706F1823998B690087875C /* HistoriqueTableViewCell.swift */; };
/* End PBXBuildFile section */

/* Begin PBXFileReference section */
		6D706EEC239932490087875C /* HengSimo_CollectItiOS.app */ = {isa = PBXFileReference; explicitFileType = wrapper.application; includeInIndex = 0; path = HengSimo_CollectItiOS.app; sourceTree = BUILT_PRODUCTS_DIR; };
		6D706EEF239932490087875C /* AppDelegate.swift */ = {isa = PBXFileReference; lastKnownFileType = sourcecode.swift; path = AppDelegate.swift; sourceTree = "<group>"; };
		6D706EF1239932490087875C /* SceneDelegate.swift */ = {isa = PBXFileReference; lastKnownFileType = sourcecode.swift; path = SceneDelegate.swift; sourceTree = "<group>"; };
		6D706EF3239932490087875C /* AccueilViewController.swift */ = {isa = PBXFileReference; lastKnownFileType = sourcecode.swift; path = AccueilViewController.swift; sourceTree = "<group>"; };
		6D706EF5239932490087875C /* MethodesEcoViewController.swift */ = {isa = PBXFileReference; lastKnownFileType = sourcecode.swift; path = MethodesEcoViewController.swift; sourceTree = "<group>"; };
		6D706EF8239932490087875C /* Base */ = {isa = PBXFileReference; lastKnownFileType = file.storyboard; name = Base; path = Base.lproj/Main.storyboard; sourceTree = "<group>"; };
		6D706EFB239932490087875C /* HengSimo_CollectItiOS.xcdatamodel */ = {isa = PBXFileReference; lastKnownFileType = wrapper.xcdatamodel; path = HengSimo_CollectItiOS.xcdatamodel; sourceTree = "<group>"; };
		6D706EFD2399324A0087875C /* Assets.xcassets */ = {isa = PBXFileReference; lastKnownFileType = folder.assetcatalog; path = Assets.xcassets; sourceTree = "<group>"; };
		6D706F002399324A0087875C /* Base */ = {isa = PBXFileReference; lastKnownFileType = file.storyboard; name = Base; path = Base.lproj/LaunchScreen.storyboard; sourceTree = "<group>"; };
		6D706F022399324A0087875C /* Info.plist */ = {isa = PBXFileReference; lastKnownFileType = text.plist.xml; path = Info.plist; sourceTree = "<group>"; };
		6D706F082399325A0087875C /* RoundButton.swift */ = {isa = PBXFileReference; lastKnownFileType = sourcecode.swift; path = RoundButton.swift; sourceTree = "<group>"; };
		6D706F10239968AD0087875C /* LotsTableViewController.swift */ = {isa = PBXFileReference; lastKnownFileType = sourcecode.swift; path = LotsTableViewController.swift; sourceTree = "<group>"; };
		6D706F12239968BA0087875C /* HistoriqueTableViewController.swift */ = {isa = PBXFileReference; lastKnownFileType = sourcecode.swift; path = HistoriqueTableViewController.swift; sourceTree = "<group>"; };
		6D706F14239968EA0087875C /* AjouterLotViewController.swift */ = {isa = PBXFileReference; lastKnownFileType = sourcecode.swift; path = AjouterLotViewController.swift; sourceTree = "<group>"; };
		6D706F1623998B390087875C /* LotTableViewCell.swift */ = {isa = PBXFileReference; lastKnownFileType = sourcecode.swift; path = LotTableViewCell.swift; sourceTree = "<group>"; };
		6D706F1823998B690087875C /* HistoriqueTableViewCell.swift */ = {isa = PBXFileReference; lastKnownFileType = sourcecode.swift; path = HistoriqueTableViewCell.swift; sourceTree = "<group>"; };
/* End PBXFileReference section */

/* Begin PBXFrameworksBuildPhase section */
		6D706EE9239932490087875C /* Frameworks */ = {
			isa = PBXFrameworksBuildPhase;
			buildActionMask = 2147483647;
			files = (
			);
			runOnlyForDeploymentPostprocessing = 0;
		};
/* End PBXFrameworksBuildPhase section */

/* Begin PBXGroup section */
		6D706EE3239932490087875C = {
			isa = PBXGroup;
			children = (
				6D706EEE239932490087875C /* HengSimo_CollectItiOS */,
				6D706EED239932490087875C /* Products */,
			);
			sourceTree = "<group>";
		};
		6D706EED239932490087875C /* Products */ = {
			isa = PBXGroup;
			children = (
				6D706EEC239932490087875C /* HengSimo_CollectItiOS.app */,
			);
			name = Products;
			sourceTree = "<group>";
		};
		6D706EEE239932490087875C /* HengSimo_CollectItiOS */ = {
			isa = PBXGroup;
			children = (
				6D706F0A239932630087875C /* Custom Views */,
				6D706EEF239932490087875C /* AppDelegate.swift */,
				6D706EF1239932490087875C /* SceneDelegate.swift */,
				6D706F0B239964DE0087875C /* View Controllers */,
				6D706EF7239932490087875C /* Main.storyboard */,
				6D706EFD2399324A0087875C /* Assets.xcassets */,
				6D706EFF2399324A0087875C /* LaunchScreen.storyboard */,
				6D706F022399324A0087875C /* Info.plist */,
				6D706EFA239932490087875C /* HengSimo_CollectItiOS.xcdatamodeld */,
			);
			path = HengSimo_CollectItiOS;
			sourceTree = "<group>";
		};
		6D706F0A239932630087875C /* Custom Views */ = {
			isa = PBXGroup;
			children = (
				6D706F082399325A0087875C /* RoundButton.swift */,
				6D706F1623998B390087875C /* LotTableViewCell.swift */,
				6D706F1823998B690087875C /* HistoriqueTableViewCell.swift */,
			);
			path = "Custom Views";
			sourceTree = "<group>";
		};
		6D706F0B239964DE0087875C /* View Controllers */ = {
			isa = PBXGroup;
			children = (
				6D706EF3239932490087875C /* AccueilViewController.swift */,
				6D706EF5239932490087875C /* MethodesEcoViewController.swift */,
				6D706F10239968AD0087875C /* LotsTableViewController.swift */,
				6D706F12239968BA0087875C /* HistoriqueTableViewController.swift */,
				6D706F14239968EA0087875C /* AjouterLotViewController.swift */,
			);
			path = "View Controllers";
			sourceTree = "<group>";
		};
/* End PBXGroup section */

/* Begin PBXNativeTarget section */
		6D706EEB239932490087875C /* HengSimo_CollectItiOS */ = {
			isa = PBXNativeTarget;
			buildConfigurationList = 6D706F052399324A0087875C /* Build configuration list for PBXNativeTarget "HengSimo_CollectItiOS" */;
			buildPhases = (
				6D706EE8239932490087875C /* Sources */,
				6D706EE9239932490087875C /* Frameworks */,
				6D706EEA239932490087875C /* Resources */,
			);
			buildRules = (
			);
			dependencies = (
			);
			name = HengSimo_CollectItiOS;
			productName = HengSimo_CollectItiOS;
			productReference = 6D706EEC239932490087875C /* HengSimo_CollectItiOS.app */;
			productType = "com.apple.product-type.application";
		};
/* End PBXNativeTarget section */

/* Begin PBXProject section */
		6D706EE4239932490087875C /* Project object */ = {
			isa = PBXProject;
			attributes = {
				LastSwiftUpdateCheck = 1120;
				LastUpgradeCheck = 1120;
				ORGANIZATIONNAME = HENG;
				TargetAttributes = {
					6D706EEB239932490087875C = {
						CreatedOnToolsVersion = 11.2.1;
					};
				};
			};
			buildConfigurationList = 6D706EE7239932490087875C /* Build configuration list for PBXProject "HengSimo_CollectItiOS" */;
			compatibilityVersion = "Xcode 9.3";
			developmentRegion = en;
			hasScannedForEncodings = 0;
			knownRegions = (
				en,
				Base,
			);
			mainGroup = 6D706EE3239932490087875C;
			productRefGroup = 6D706EED239932490087875C /* Products */;
			projectDirPath = "";
			projectRoot = "";
			targets = (
				6D706EEB239932490087875C /* HengSimo_CollectItiOS */,
			);
		};
/* End PBXProject section */

/* Begin PBXResourcesBuildPhase section */
		6D706EEA239932490087875C /* Resources */ = {
			isa = PBXResourcesBuildPhase;
			buildActionMask = 2147483647;
			files = (
				6D706F012399324A0087875C /* LaunchScreen.storyboard in Resources */,
				6D706EFE2399324A0087875C /* Assets.xcassets in Resources */,
				6D706EF9239932490087875C /* Main.storyboard in Resources */,
			);
			runOnlyForDeploymentPostprocessing = 0;
		};
/* End PBXResourcesBuildPhase section */

/* Begin PBXSourcesBuildPhase section */
		6D706EE8239932490087875C /* Sources */ = {
			isa = PBXSourcesBuildPhase;
			buildActionMask = 2147483647;
			files = (
				6D706EF6239932490087875C /* MethodesEcoViewController.swift in Sources */,
				6D706F11239968AD0087875C /* LotsTableViewController.swift in Sources */,
				6D706F13239968BA0087875C /* HistoriqueTableViewController.swift in Sources */,
				6D706F092399325A0087875C /* RoundButton.swift in Sources */,
				6D706EF4239932490087875C /* AccueilViewController.swift in Sources */,
				6D706F1723998B390087875C /* LotTableViewCell.swift in Sources */,
				6D706EF0239932490087875C /* AppDelegate.swift in Sources */,
				6D706EF2239932490087875C /* SceneDelegate.swift in Sources */,
				6D706EFC239932490087875C /* HengSimo_CollectItiOS.xcdatamodeld in Sources */,
				6D706F15239968EA0087875C /* AjouterLotViewController.swift in Sources */,
				6D706F1923998B690087875C /* HistoriqueTableViewCell.swift in Sources */,
			);
			runOnlyForDeploymentPostprocessing = 0;
		};
/* End PBXSourcesBuildPhase section */

/* Begin PBXVariantGroup section */
		6D706EF7239932490087875C /* Main.storyboard */ = {
			isa = PBXVariantGroup;
			children = (
				6D706EF8239932490087875C /* Base */,
			);
			name = Main.storyboard;
			sourceTree = "<group>";
		};
		6D706EFF2399324A0087875C /* LaunchScreen.storyboard */ = {
			isa = PBXVariantGroup;
			children = (
				6D706F002399324A0087875C /* Base */,
			);
			name = LaunchScreen.storyboard;
			sourceTree = "<group>";
		};
/* End PBXVariantGroup section */

/* Begin XCBuildConfiguration section */
		6D706F032399324A0087875C /* Debug */ = {
			isa = XCBuildConfiguration;
			buildSettings = {
				ALWAYS_SEARCH_USER_PATHS = NO;
				CLANG_ANALYZER_NONNULL = YES;
				CLANG_ANALYZER_NUMBER_OBJECT_CONVERSION = YES_AGGRESSIVE;
				CLANG_CXX_LANGUAGE_STANDARD = "gnu++14";
				CLANG_CXX_LIBRARY = "libc++";
				CLANG_ENABLE_MODULES = YES;
				CLANG_ENABLE_OBJC_ARC = YES;
				CLANG_ENABLE_OBJC_WEAK = YES;
				CLANG_WARN_BLOCK_CAPTURE_AUTORELEASING = YES;
				CLANG_WARN_BOOL_CONVERSION = YES;
				CLANG_WARN_COMMA = YES;
				CLANG_WARN_CONSTANT_CONVERSION = YES;
				CLANG_WARN_DEPRECATED_OBJC_IMPLEMENTATIONS = YES;
				CLANG_WARN_DIRECT_OBJC_ISA_USAGE = YES_ERROR;
				CLANG_WARN_DOCUMENTATION_COMMENTS = YES;
				CLANG_WARN_EMPTY_BODY = YES;
				CLANG_WARN_ENUM_CONVERSION = YES;
				CLANG_WARN_INFINITE_RECURSION = YES;
				CLANG_WARN_INT_CONVERSION = YES;
				CLANG_WARN_NON_LITERAL_NULL_CONVERSION = YES;
				CLANG_WARN_OBJC_IMPLICIT_RETAIN_SELF = YES;
				CLANG_WARN_OBJC_LITERAL_CONVERSION = YES;
				CLANG_WARN_OBJC_ROOT_CLASS = YES_ERROR;
				CLANG_WARN_RANGE_LOOP_ANALYSIS = YES;
				CLANG_WARN_STRICT_PROTOTYPES = YES;
				CLANG_WARN_SUSPICIOUS_MOVE = YES;
				CLANG_WARN_UNGUARDED_AVAILABILITY = YES_AGGRESSIVE;
				CLANG_WARN_UNREACHABLE_CODE = YES;
				CLANG_WARN__DUPLICATE_METHOD_MATCH = YES;
				COPY_PHASE_STRIP = NO;
				DEBUG_INFORMATION_FORMAT = dwarf;
				ENABLE_STRICT_OBJC_MSGSEND = YES;
				ENABLE_TESTABILITY = YES;
				GCC_C_LANGUAGE_STANDARD = gnu11;
				GCC_DYNAMIC_NO_PIC = NO;
				GCC_NO_COMMON_BLOCKS = YES;
				GCC_OPTIMIZATION_LEVEL = 0;
				GCC_PREPROCESSOR_DEFINITIONS = (
					"DEBUG=1",
					"$(inherited)",
				);
				GCC_WARN_64_TO_32_BIT_CONVERSION = YES;
				GCC_WARN_ABOUT_RETURN_TYPE = YES_ERROR;
				GCC_WARN_UNDECLARED_SELECTOR = YES;
				GCC_WARN_UNINITIALIZED_AUTOS = YES_AGGRESSIVE;
				GCC_WARN_UNUSED_FUNCTION = YES;
				GCC_WARN_UNUSED_VARIABLE = YES;
				IPHONEOS_DEPLOYMENT_TARGET = 13.2;
				MTL_ENABLE_DEBUG_INFO = INCLUDE_SOURCE;
				MTL_FAST_MATH = YES;
				ONLY_ACTIVE_ARCH = YES;
				SDKROOT = iphoneos;
				SWIFT_ACTIVE_COMPILATION_CONDITIONS = DEBUG;
				SWIFT_OPTIMIZATION_LEVEL = "-Onone";
			};
			name = Debug;
		};
		6D706F042399324A0087875C /* Release */ = {
			isa = XCBuildConfiguration;
			buildSettings = {
				ALWAYS_SEARCH_USER_PATHS = NO;
				CLANG_ANALYZER_NONNULL = YES;
				CLANG_ANALYZER_NUMBER_OBJECT_CONVERSION = YES_AGGRESSIVE;
				CLANG_CXX_LANGUAGE_STANDARD = "gnu++14";
				CLANG_CXX_LIBRARY = "libc++";
				CLANG_ENABLE_MODULES = YES;
				CLANG_ENABLE_OBJC_ARC = YES;
				CLANG_ENABLE_OBJC_WEAK = YES;
				CLANG_WARN_BLOCK_CAPTURE_AUTORELEASING = YES;
				CLANG_WARN_BOOL_CONVERSION = YES;
				CLANG_WARN_COMMA = YES;
				CLANG_WARN_CONSTANT_CONVERSION = YES;
				CLANG_WARN_DEPRECATED_OBJC_IMPLEMENTATIONS = YES;
				CLANG_WARN_DIRECT_OBJC_ISA_USAGE = YES_ERROR;
				CLANG_WARN_DOCUMENTATION_COMMENTS = YES;
				CLANG_WARN_EMPTY_BODY = YES;
				CLANG_WARN_ENUM_CONVERSION = YES;
				CLANG_WARN_INFINITE_RECURSION = YES;
				CLANG_WARN_INT_CONVERSION = YES;
				CLANG_WARN_NON_LITERAL_NULL_CONVERSION = YES;
				CLANG_WARN_OBJC_IMPLICIT_RETAIN_SELF = YES;
				CLANG_WARN_OBJC_LITERAL_CONVERSION = YES;
				CLANG_WARN_OBJC_ROOT_CLASS = YES_ERROR;
				CLANG_WARN_RANGE_LOOP_ANALYSIS = YES;
				CLANG_WARN_STRICT_PROTOTYPES = YES;
				CLANG_WARN_SUSPICIOUS_MOVE = YES;
				CLANG_WARN_UNGUARDED_AVAILABILITY = YES_AGGRESSIVE;
				CLANG_WARN_UNREACHABLE_CODE = YES;
				CLANG_WARN__DUPLICATE_METHOD_MATCH = YES;
				COPY_PHASE_STRIP = NO;
				DEBUG_INFORMATION_FORMAT = "dwarf-with-dsym";
				ENABLE_NS_ASSERTIONS = NO;
				ENABLE_STRICT_OBJC_MSGSEND = YES;
				GCC_C_LANGUAGE_STANDARD = gnu11;
				GCC_NO_COMMON_BLOCKS = YES;
				GCC_WARN_64_TO_32_BIT_CONVERSION = YES;
				GCC_WARN_ABOUT_RETURN_TYPE = YES_ERROR;
				GCC_WARN_UNDECLARED_SELECTOR = YES;
				GCC_WARN_UNINITIALIZED_AUTOS = YES_AGGRESSIVE;
				GCC_WARN_UNUSED_FUNCTION = YES;
				GCC_WARN_UNUSED_VARIABLE = YES;
				IPHONEOS_DEPLOYMENT_TARGET = 13.2;
				MTL_ENABLE_DEBUG_INFO = NO;
				MTL_FAST_MATH = YES;
				SDKROOT = iphoneos;
				SWIFT_COMPILATION_MODE = wholemodule;
				SWIFT_OPTIMIZATION_LEVEL = "-O";
				VALIDATE_PRODUCT = YES;
			};
			name = Release;
		};
		6D706F062399324A0087875C /* Debug */ = {
			isa = XCBuildConfiguration;
			buildSettings = {
				ASSETCATALOG_COMPILER_APPICON_NAME = AppIcon;
				CODE_SIGN_IDENTITY = "Apple Development";
				CODE_SIGN_STYLE = Manual;
				DEVELOPMENT_TEAM = "";
				INFOPLIST_FILE = HengSimo_CollectItiOS/Info.plist;
				LD_RUNPATH_SEARCH_PATHS = (
					"$(inherited)",
					"@executable_path/Frameworks",
				);
				PRODUCT_BUNDLE_IDENTIFIER = "fr.utt.if26.marieheng.HengSimo-CollectItiOS";
				PRODUCT_NAME = "$(TARGET_NAME)";
				PROVISIONING_PROFILE_SPECIFIER = "";
				SWIFT_VERSION = 5.0;
				TARGETED_DEVICE_FAMILY = "1,2";
			};
			name = Debug;
		};
		6D706F072399324A0087875C /* Release */ = {
			isa = XCBuildConfiguration;
			buildSettings = {
				ASSETCATALOG_COMPILER_APPICON_NAME = AppIcon;
				CODE_SIGN_IDENTITY = "Apple Development";
				CODE_SIGN_STYLE = Manual;
				DEVELOPMENT_TEAM = "";
				INFOPLIST_FILE = HengSimo_CollectItiOS/Info.plist;
				LD_RUNPATH_SEARCH_PATHS = (
					"$(inherited)",
					"@executable_path/Frameworks",
				);
				PRODUCT_BUNDLE_IDENTIFIER = "fr.utt.if26.marieheng.HengSimo-CollectItiOS";
				PRODUCT_NAME = "$(TARGET_NAME)";
				PROVISIONING_PROFILE_SPECIFIER = "";
				SWIFT_VERSION = 5.0;
				TARGETED_DEVICE_FAMILY = "1,2";
			};
			name = Release;
		};
/* End XCBuildConfiguration section */

/* Begin XCConfigurationList section */
		6D706EE7239932490087875C /* Build configuration list for PBXProject "HengSimo_CollectItiOS" */ = {
			isa = XCConfigurationList;
			buildConfigurations = (
				6D706F032399324A0087875C /* Debug */,
				6D706F042399324A0087875C /* Release */,
			);
			defaultConfigurationIsVisible = 0;
			defaultConfigurationName = Release;
		};
		6D706F052399324A0087875C /* Build configuration list for PBXNativeTarget "HengSimo_CollectItiOS" */ = {
			isa = XCConfigurationList;
			buildConfigurations = (
				6D706F062399324A0087875C /* Debug */,
				6D706F072399324A0087875C /* Release */,
			);
			defaultConfigurationIsVisible = 0;
			defaultConfigurationName = Release;
		};
/* End XCConfigurationList section */

/* Begin XCVersionGroup section */
		6D706EFA239932490087875C /* HengSimo_CollectItiOS.xcdatamodeld */ = {
			isa = XCVersionGroup;
			children = (
				6D706EFB239932490087875C /* HengSimo_CollectItiOS.xcdatamodel */,
			);
			currentVersion = 6D706EFB239932490087875C /* HengSimo_CollectItiOS.xcdatamodel */;
			path = HengSimo_CollectItiOS.xcdatamodeld;
			sourceTree = "<group>";
			versionGroupType = wrapper.xcdatamodel;
		};
/* End XCVersionGroup section */
	};
	rootObject = 6D706EE4239932490087875C /* Project object */;
}
